{
  "version": 4,
  "terraform_version": "1.14.2",
  "serial": 6,
  "lineage": "891a80f8-d72d-44f2-20e0-d3eac7f11d82",
  "outputs": {},
  "resources": [
    {
      "mode": "data",
      "type": "template_file",
      "name": "cloud-init",
      "provider": "provider[\"registry.terraform.io/hashicorp/template\"]",
      "instances": [
        {
          "schema_version": 0,
          "attributes": {
            "filename": null,
            "id": "6a6333ff71e12efb7ded100c69954be6444b21be4cee32bc05b72a40cdc132fa",
            "rendered": "#!/bin/bash\nset -e\n\n# Обновление системы и установка Nginx\napt-get update\napt-get install -y nginx\n\n# Создаем демо-страницу\nmkdir -p /var/www/demo\ncat \u003e /var/www/demo/index.html \u003c\u003cEOF\n\u003c!DOCTYPE html\u003e\n\u003chtml\u003e\n\u003chead\u003e\n    \u003ctitle\u003eYandex Cloud + Terraform Demo\u003c/title\u003e\n    \u003cstyle\u003e\n        body { background: linear-gradient(135deg, #667eea 0%, #764ba2 100%); color: white; text-align: center; padding-top: 20vh; font-family: Arial, sans-serif; }\n        h1 { font-size: 3em; }\n        .container { background: rgba(0,0,0,0.5); padding: 30px; border-radius: 10px; display: inline-block; }\n        .hostname { font-family: monospace; background: rgba(0,0,0,0.7); padding: 10px; border-radius: 5px; margin-top: 20px; display: inline-block; }\n    \u003c/style\u003e\n\u003c/head\u003e\n\u003cbody\u003e\n    \u003cdiv class=\"container\"\u003e\n        \u003ch1\u003e🚀 Демо-сервер запущен!\u003c/h1\u003e\n        \u003cp\u003eЭтот сайт развернут с помощью Terraform (IaC) в Yandex Cloud.\u003c/p\u003e\n        \u003cdiv class=\"hostname\"\u003e\n            Имя хоста: $(hostname -f)\n        \u003c/div\u003e\n    \u003c/div\u003e\n\u003c/body\u003e\n\u003c/html\u003e\nEOF\n\n# Настройка Nginx для использования нашей демо-страницы\ncat \u003e /etc/nginx/sites-available/demo \u003c\u003cEOF\nserver {\n    listen 80;\n    server_name _;\n    root /var/www/demo;\n    index index.html;\n}\nEOF\n\n# Активация сайта\nln -sf /etc/nginx/sites-available/demo /etc/nginx/sites-enabled/\nrm -f /etc/nginx/sites-enabled/default\nsystemctl restart nginx\n",
            "template": "#!/bin/bash\nset -e\n\n# Обновление системы и установка Nginx\napt-get update\napt-get install -y nginx\n\n# Создаем демо-страницу\nmkdir -p /var/www/demo\ncat \u003e /var/www/demo/index.html \u003c\u003cEOF\n\u003c!DOCTYPE html\u003e\n\u003chtml\u003e\n\u003chead\u003e\n    \u003ctitle\u003eYandex Cloud + Terraform Demo\u003c/title\u003e\n    \u003cstyle\u003e\n        body { background: linear-gradient(135deg, #667eea 0%, #764ba2 100%); color: white; text-align: center; padding-top: 20vh; font-family: Arial, sans-serif; }\n        h1 { font-size: 3em; }\n        .container { background: rgba(0,0,0,0.5); padding: 30px; border-radius: 10px; display: inline-block; }\n        .hostname { font-family: monospace; background: rgba(0,0,0,0.7); padding: 10px; border-radius: 5px; margin-top: 20px; display: inline-block; }\n    \u003c/style\u003e\n\u003c/head\u003e\n\u003cbody\u003e\n    \u003cdiv class=\"container\"\u003e\n        \u003ch1\u003e🚀 Демо-сервер запущен!\u003c/h1\u003e\n        \u003cp\u003eЭтот сайт развернут с помощью Terraform (IaC) в Yandex Cloud.\u003c/p\u003e\n        \u003cdiv class=\"hostname\"\u003e\n            Имя хоста: $(hostname -f)\n        \u003c/div\u003e\n    \u003c/div\u003e\n\u003c/body\u003e\n\u003c/html\u003e\nEOF\n\n# Настройка Nginx для использования нашей демо-страницы\ncat \u003e /etc/nginx/sites-available/demo \u003c\u003cEOF\nserver {\n    listen 80;\n    server_name _;\n    root /var/www/demo;\n    index index.html;\n}\nEOF\n\n# Активация сайта\nln -sf /etc/nginx/sites-available/demo /etc/nginx/sites-enabled/\nrm -f /etc/nginx/sites-enabled/default\nsystemctl restart nginx\n",
            "vars": null
          },
          "sensitive_attributes": [],
          "identity_schema_version": 0
        }
      ]
    },
    {
      "mode": "managed",
      "type": "yandex_vpc_network",
      "name": "main",
      "provider": "provider[\"registry.terraform.io/yandex-cloud/yandex\"]",
      "instances": [
        {
          "schema_version": 0,
          "attributes": {
            "created_at": "2026-04-27T12:29:33Z",
            "default_security_group_id": "enp38vp49ndno4npiu3q",
            "description": "",
            "folder_id": "b1gaeocnnornq7dodqnl",
            "id": "enptb6qh99fnu9ae5mph",
            "labels": {},
            "name": "web-network",
            "subnet_ids": [],
            "timeouts": null
          },
          "sensitive_attributes": [],
          "identity_schema_version": 0,
          "private": "eyJlMmJmYjczMC1lY2FhLTExZTYtOGY4OC0zNDM2M2JjN2M0YzAiOnsiY3JlYXRlIjo2MDAwMDAwMDAwMCwiZGVsZXRlIjo2MDAwMDAwMDAwMCwidXBkYXRlIjo2MDAwMDAwMDAwMH19"
        }
      ]
    },
    {
      "mode": "managed",
      "type": "yandex_vpc_security_group",
      "name": "web-sg",
      "provider": "provider[\"registry.terraform.io/yandex-cloud/yandex\"]",
      "instances": [
        {
          "schema_version": 0,
          "attributes": {
            "created_at": "2026-04-27T12:29:36Z",
            "description": "Правила для веб-сервера",
            "egress": [
              {
                "description": "Исходящий трафик",
                "from_port": -1,
                "id": "enpm4dnheaeiuej33vjd",
                "labels": {},
                "port": -1,
                "predefined_target": "",
                "protocol": "ANY",
                "security_group_id": "",
                "to_port": -1,
                "v4_cidr_blocks": [
                  "0.0.0.0/0"
                ],
                "v6_cidr_blocks": []
              }
            ],
            "folder_id": "b1gaeocnnornq7dodqnl",
            "id": "enpcvfnt38i6a2ec1em2",
            "ingress": [
              {
                "description": "Разрешить HTTP",
                "from_port": -1,
                "id": "enp337ltbujegd0k3m4e",
                "labels": {},
                "port": 80,
                "predefined_target": "",
                "protocol": "TCP",
                "security_group_id": "",
                "to_port": -1,
                "v4_cidr_blocks": [
                  "0.0.0.0/0"
                ],
                "v6_cidr_blocks": []
              },
              {
                "description": "Разрешить SSH",
                "from_port": -1,
                "id": "enpqgmfeonldvevqtsqu",
                "labels": {},
                "port": 22,
                "predefined_target": "",
                "protocol": "TCP",
                "security_group_id": "",
                "to_port": -1,
                "v4_cidr_blocks": [
                  "0.0.0.0/0"
                ],
                "v6_cidr_blocks": []
              }
            ],
            "labels": {},
            "name": "web-sg",
            "network_id": "enptb6qh99fnu9ae5mph",
            "status": "ACTIVE",
            "timeouts": null
          },
          "sensitive_attributes": [],
          "identity_schema_version": 0,
          "private": "eyJlMmJmYjczMC1lY2FhLTExZTYtOGY4OC0zNDM2M2JjN2M0YzAiOnsiY3JlYXRlIjoxODAwMDAwMDAwMDAsImRlbGV0ZSI6MTgwMDAwMDAwMDAwLCJ1cGRhdGUiOjE4MDAwMDAwMDAwMH19",
          "dependencies": [
            "yandex_vpc_network.main"
          ]
        }
      ]
    },
    {
      "mode": "managed",
      "type": "yandex_vpc_subnet",
      "name": "main",
      "provider": "provider[\"registry.terraform.io/yandex-cloud/yandex\"]",
      "instances": [
        {
          "schema_version": 0,
          "attributes": {
            "created_at": "2026-04-27T12:29:35Z",
            "description": "",
            "dhcp_options": [],
            "folder_id": "b1gaeocnnornq7dodqnl",
            "id": "e9blijjvrr9n0l88quu5",
            "labels": {},
            "name": "web-subnet",
            "network_id": "enptb6qh99fnu9ae5mph",
            "route_table_id": "",
            "timeouts": null,
            "v4_cidr_blocks": [
              "192.168.10.0/24"
            ],
            "v6_cidr_blocks": [],
            "zone": "ru-central1-a"
          },
          "sensitive_attributes": [],
          "identity_schema_version": 0,
          "private": "eyJlMmJmYjczMC1lY2FhLTExZTYtOGY4OC0zNDM2M2JjN2M0YzAiOnsiY3JlYXRlIjoxODAwMDAwMDAwMDAsImRlbGV0ZSI6MTgwMDAwMDAwMDAwLCJ1cGRhdGUiOjE4MDAwMDAwMDAwMH19",
          "dependencies": [
            "yandex_vpc_network.main"
          ]
        }
      ]
    }
  ],
  "check_results": null
}
