{
  "version": 4,
  "terraform_version": "1.14.2",
  "serial": 8,
  "lineage": "891a80f8-d72d-44f2-20e0-d3eac7f11d82",
  "outputs": {},
  "resources": [
    {
      "mode": "data",
      "type": "template_file",
      "name": "cloud-init",
      "provider": "provider[\"registry.terraform.io/hashicorp/template\"]",
      "instances": [
        {
          "schema_version": 0,
          "attributes": {
            "filename": null,
            "id": "6a6333ff71e12efb7ded100c69954be6444b21be4cee32bc05b72a40cdc132fa",
            "rendered": "#!/bin/bash\nset -e\n\n# Обновление системы и установка Nginx\napt-get update\napt-get install -y nginx\n\n# Создаем демо-страницу\nmkdir -p /var/www/demo\ncat \u003e /var/www/demo/index.html \u003c\u003cEOF\n\u003c!DOCTYPE html\u003e\n\u003chtml\u003e\n\u003chead\u003e\n    \u003ctitle\u003eYandex Cloud + Terraform Demo\u003c/title\u003e\n    \u003cstyle\u003e\n        body { background: linear-gradient(135deg, #667eea 0%, #764ba2 100%); color: white; text-align: center; padding-top: 20vh; font-family: Arial, sans-serif; }\n        h1 { font-size: 3em; }\n        .container { background: rgba(0,0,0,0.5); padding: 30px; border-radius: 10px; display: inline-block; }\n        .hostname { font-family: monospace; background: rgba(0,0,0,0.7); padding: 10px; border-radius: 5px; margin-top: 20px; display: inline-block; }\n    \u003c/style\u003e\n\u003c/head\u003e\n\u003cbody\u003e\n    \u003cdiv class=\"container\"\u003e\n        \u003ch1\u003e🚀 Демо-сервер запущен!\u003c/h1\u003e\n        \u003cp\u003eЭтот сайт развернут с помощью Terraform (IaC) в Yandex Cloud.\u003c/p\u003e\n        \u003cdiv class=\"hostname\"\u003e\n            Имя хоста: $(hostname -f)\n        \u003c/div\u003e\n    \u003c/div\u003e\n\u003c/body\u003e\n\u003c/html\u003e\nEOF\n\n# Настройка Nginx для использования нашей демо-страницы\ncat \u003e /etc/nginx/sites-available/demo \u003c\u003cEOF\nserver {\n    listen 80;\n    server_name _;\n    root /var/www/demo;\n    index index.html;\n}\nEOF\n\n# Активация сайта\nln -sf /etc/nginx/sites-available/demo /etc/nginx/sites-enabled/\nrm -f /etc/nginx/sites-enabled/default\nsystemctl restart nginx\n",
            "template": "#!/bin/bash\nset -e\n\n# Обновление системы и установка Nginx\napt-get update\napt-get install -y nginx\n\n# Создаем демо-страницу\nmkdir -p /var/www/demo\ncat \u003e /var/www/demo/index.html \u003c\u003cEOF\n\u003c!DOCTYPE html\u003e\n\u003chtml\u003e\n\u003chead\u003e\n    \u003ctitle\u003eYandex Cloud + Terraform Demo\u003c/title\u003e\n    \u003cstyle\u003e\n        body { background: linear-gradient(135deg, #667eea 0%, #764ba2 100%); color: white; text-align: center; padding-top: 20vh; font-family: Arial, sans-serif; }\n        h1 { font-size: 3em; }\n        .container { background: rgba(0,0,0,0.5); padding: 30px; border-radius: 10px; display: inline-block; }\n        .hostname { font-family: monospace; background: rgba(0,0,0,0.7); padding: 10px; border-radius: 5px; margin-top: 20px; display: inline-block; }\n    \u003c/style\u003e\n\u003c/head\u003e\n\u003cbody\u003e\n    \u003cdiv class=\"container\"\u003e\n        \u003ch1\u003e🚀 Демо-сервер запущен!\u003c/h1\u003e\n        \u003cp\u003eЭтот сайт развернут с помощью Terraform (IaC) в Yandex Cloud.\u003c/p\u003e\n        \u003cdiv class=\"hostname\"\u003e\n            Имя хоста: $(hostname -f)\n        \u003c/div\u003e\n    \u003c/div\u003e\n\u003c/body\u003e\n\u003c/html\u003e\nEOF\n\n# Настройка Nginx для использования нашей демо-страницы\ncat \u003e /etc/nginx/sites-available/demo \u003c\u003cEOF\nserver {\n    listen 80;\n    server_name _;\n    root /var/www/demo;\n    index index.html;\n}\nEOF\n\n# Активация сайта\nln -sf /etc/nginx/sites-available/demo /etc/nginx/sites-enabled/\nrm -f /etc/nginx/sites-enabled/default\nsystemctl restart nginx\n",
            "vars": null
          },
          "sensitive_attributes": [],
          "identity_schema_version": 0
        }
      ]
    },
    {
      "mode": "managed",
      "type": "yandex_compute_instance",
      "name": "web",
      "provider": "provider[\"registry.terraform.io/yandex-cloud/yandex\"]",
      "instances": [
        {
          "index_key": 0,
          "schema_version": 1,
          "attributes": {
            "allow_recreate": null,
            "allow_stopping_for_update": null,
            "boot_disk": [
              {
                "auto_delete": true,
                "device_name": "fhmbprijnb86f5ddh2us",
                "disk_id": "fhmbprijnb86f5ddh2us",
                "initialize_params": [
                  {
                    "block_size": 4096,
                    "description": "",
                    "image_id": "fd8luipngpka5gjrocrl",
                    "name": "",
                    "size": 20,
                    "snapshot_id": "",
                    "type": "network-hdd"
                  }
                ],
                "mode": "READ_WRITE"
              }
            ],
            "created_at": "2026-04-27T12:31:17Z",
            "description": "",
            "filesystem": [],
            "folder_id": "b1gaeocnnornq7dodqnl",
            "fqdn": "fhmscfcofp2qu3vhbshp.auto.internal",
            "gpu_cluster_id": "",
            "hostname": "",
            "id": "fhmscfcofp2qu3vhbshp",
            "labels": null,
            "local_disk": [],
            "maintenance_grace_period": "",
            "maintenance_policy": null,
            "metadata": {
              "ssh-keys": "ubuntu:ssh-rsa AAAAB3NzaC1yc2EAAAADAQABAAABAQDFZi+O4sHRPtbZuv1Js4dnJosmKGw21JBhZRXpCdmGv+QxLatqtzJki8ZrVMd2WTV2YEmK3DgMNPGFCdvY/VdzxG0dMT/C9OsTQZVs2FXwL86uLC7blzLFm1Qd3njHycd09rdsiLtD+mcv3DprfSOgX7/kKUB/WpwNFteyEReyG2TnwDZX4szWjyAouSB2WLxN1/8s4NWk8R5/o/+jAW7hdhKiVn1cn8PXnd/1h1nJl1vewVFPeu75/mVigGBxpDyRl41IZw0KP789eg3snssw/dvHaZ+gKNtw0L8oc6ECifaFvza0sHole8PgY9DZaV9LWBPQx7zg+lN07uenNNWf jrdeath@OldAcer\n",
              "user-data": "#!/bin/bash\nset -e\n\n# Обновление системы и установка Nginx\napt-get update\napt-get install -y nginx\n\n# Создаем демо-страницу\nmkdir -p /var/www/demo\ncat \u003e /var/www/demo/index.html \u003c\u003cEOF\n\u003c!DOCTYPE html\u003e\n\u003chtml\u003e\n\u003chead\u003e\n    \u003ctitle\u003eYandex Cloud + Terraform Demo\u003c/title\u003e\n    \u003cstyle\u003e\n        body { background: linear-gradient(135deg, #667eea 0%, #764ba2 100%); color: white; text-align: center; padding-top: 20vh; font-family: Arial, sans-serif; }\n        h1 { font-size: 3em; }\n        .container { background: rgba(0,0,0,0.5); padding: 30px; border-radius: 10px; display: inline-block; }\n        .hostname { font-family: monospace; background: rgba(0,0,0,0.7); padding: 10px; border-radius: 5px; margin-top: 20px; display: inline-block; }\n    \u003c/style\u003e\n\u003c/head\u003e\n\u003cbody\u003e\n    \u003cdiv class=\"container\"\u003e\n        \u003ch1\u003e🚀 Демо-сервер запущен!\u003c/h1\u003e\n        \u003cp\u003eЭтот сайт развернут с помощью Terraform (IaC) в Yandex Cloud.\u003c/p\u003e\n        \u003cdiv class=\"hostname\"\u003e\n            Имя хоста: $(hostname -f)\n        \u003c/div\u003e\n    \u003c/div\u003e\n\u003c/body\u003e\n\u003c/html\u003e\nEOF\n\n# Настройка Nginx для использования нашей демо-страницы\ncat \u003e /etc/nginx/sites-available/demo \u003c\u003cEOF\nserver {\n    listen 80;\n    server_name _;\n    root /var/www/demo;\n    index index.html;\n}\nEOF\n\n# Активация сайта\nln -sf /etc/nginx/sites-available/demo /etc/nginx/sites-enabled/\nrm -f /etc/nginx/sites-enabled/default\nsystemctl restart nginx\n"
            },
            "metadata_options": [
              {
                "aws_v1_http_endpoint": 1,
                "aws_v1_http_token": 2,
                "gce_http_endpoint": 1,
                "gce_http_token": 1
              }
            ],
            "name": "web-server-1",
            "network_acceleration_type": "standard",
            "network_interface": [
              {
                "dns_record": [],
                "index": 0,
                "ip_address": "192.168.10.19",
                "ipv4": true,
                "ipv6": false,
                "ipv6_address": "",
                "ipv6_dns_record": [],
                "mac_address": "d0:0d:1c:63:d9:87",
                "nat": true,
                "nat_dns_record": [],
                "nat_ip_address": "111.88.253.97",
                "nat_ip_version": "IPV4",
                "security_group_ids": [
                  "enpcvfnt38i6a2ec1em2"
                ],
                "subnet_id": "e9blijjvrr9n0l88quu5"
              }
            ],
            "placement_policy": [
              {
                "host_affinity_rules": [],
                "placement_group_id": "",
                "placement_group_partition": 0
              }
            ],
            "platform_id": "standard-v2",
            "resources": [
              {
                "core_fraction": 100,
                "cores": 2,
                "gpus": 0,
                "memory": 2
              }
            ],
            "scheduling_policy": [
              {
                "preemptible": false
              }
            ],
            "secondary_disk": [],
            "service_account_id": "",
            "status": "running",
            "timeouts": null,
            "zone": "ru-central1-a"
          },
          "sensitive_attributes": [],
          "identity_schema_version": 0,
          "private": "eyJlMmJmYjczMC1lY2FhLTExZTYtOGY4OC0zNDM2M2JjN2M0YzAiOnsiY3JlYXRlIjozMDAwMDAwMDAwMDAsImRlbGV0ZSI6MzAwMDAwMDAwMDAwLCJ1cGRhdGUiOjMwMDAwMDAwMDAwMH0sInNjaGVtYV92ZXJzaW9uIjoiMSJ9",
          "dependencies": [
            "data.template_file.cloud-init",
            "yandex_vpc_network.main",
            "yandex_vpc_security_group.web-sg",
            "yandex_vpc_subnet.main"
          ]
        }
      ]
    },
    {
      "mode": "managed",
      "type": "yandex_vpc_network",
      "name": "main",
      "provider": "provider[\"registry.terraform.io/yandex-cloud/yandex\"]",
      "instances": [
        {
          "schema_version": 0,
          "attributes": {
            "created_at": "2026-04-27T12:29:33Z",
            "default_security_group_id": "enp38vp49ndno4npiu3q",
            "description": "",
            "folder_id": "b1gaeocnnornq7dodqnl",
            "id": "enptb6qh99fnu9ae5mph",
            "labels": {},
            "name": "web-network",
            "subnet_ids": [
              "e9blijjvrr9n0l88quu5"
            ],
            "timeouts": null
          },
          "sensitive_attributes": [],
          "identity_schema_version": 0,
          "private": "eyJlMmJmYjczMC1lY2FhLTExZTYtOGY4OC0zNDM2M2JjN2M0YzAiOnsiY3JlYXRlIjo2MDAwMDAwMDAwMCwiZGVsZXRlIjo2MDAwMDAwMDAwMCwidXBkYXRlIjo2MDAwMDAwMDAwMH19"
        }
      ]
    },
    {
      "mode": "managed",
      "type": "yandex_vpc_security_group",
      "name": "web-sg",
      "provider": "provider[\"registry.terraform.io/yandex-cloud/yandex\"]",
      "instances": [
        {
          "schema_version": 0,
          "attributes": {
            "created_at": "2026-04-27T12:29:36Z",
            "description": "Правила для веб-сервера",
            "egress": [
              {
                "description": "Исходящий трафик",
                "from_port": -1,
                "id": "enpm4dnheaeiuej33vjd",
                "labels": {},
                "port": -1,
                "predefined_target": "",
                "protocol": "ANY",
                "security_group_id": "",
                "to_port": -1,
                "v4_cidr_blocks": [
                  "0.0.0.0/0"
                ],
                "v6_cidr_blocks": []
              }
            ],
            "folder_id": "b1gaeocnnornq7dodqnl",
            "id": "enpcvfnt38i6a2ec1em2",
            "ingress": [
              {
                "description": "Разрешить HTTP",
                "from_port": -1,
                "id": "enp337ltbujegd0k3m4e",
                "labels": {},
                "port": 80,
                "predefined_target": "",
                "protocol": "TCP",
                "security_group_id": "",
                "to_port": -1,
                "v4_cidr_blocks": [
                  "0.0.0.0/0"
                ],
                "v6_cidr_blocks": []
              },
              {
                "description": "Разрешить SSH",
                "from_port": -1,
                "id": "enpqgmfeonldvevqtsqu",
                "labels": {},
                "port": 22,
                "predefined_target": "",
                "protocol": "TCP",
                "security_group_id": "",
                "to_port": -1,
                "v4_cidr_blocks": [
                  "0.0.0.0/0"
                ],
                "v6_cidr_blocks": []
              }
            ],
            "labels": {},
            "name": "web-sg",
            "network_id": "enptb6qh99fnu9ae5mph",
            "status": "ACTIVE",
            "timeouts": null
          },
          "sensitive_attributes": [],
          "identity_schema_version": 0,
          "private": "eyJlMmJmYjczMC1lY2FhLTExZTYtOGY4OC0zNDM2M2JjN2M0YzAiOnsiY3JlYXRlIjoxODAwMDAwMDAwMDAsImRlbGV0ZSI6MTgwMDAwMDAwMDAwLCJ1cGRhdGUiOjE4MDAwMDAwMDAwMH19",
          "dependencies": [
            "yandex_vpc_network.main"
          ]
        }
      ]
    },
    {
      "mode": "managed",
      "type": "yandex_vpc_subnet",
      "name": "main",
      "provider": "provider[\"registry.terraform.io/yandex-cloud/yandex\"]",
      "instances": [
        {
          "schema_version": 0,
          "attributes": {
            "created_at": "2026-04-27T12:29:35Z",
            "description": "",
            "dhcp_options": [],
            "folder_id": "b1gaeocnnornq7dodqnl",
            "id": "e9blijjvrr9n0l88quu5",
            "labels": {},
            "name": "web-subnet",
            "network_id": "enptb6qh99fnu9ae5mph",
            "route_table_id": "",
            "timeouts": null,
            "v4_cidr_blocks": [
              "192.168.10.0/24"
            ],
            "v6_cidr_blocks": [],
            "zone": "ru-central1-a"
          },
          "sensitive_attributes": [],
          "identity_schema_version": 0,
          "private": "eyJlMmJmYjczMC1lY2FhLTExZTYtOGY4OC0zNDM2M2JjN2M0YzAiOnsiY3JlYXRlIjoxODAwMDAwMDAwMDAsImRlbGV0ZSI6MTgwMDAwMDAwMDAwLCJ1cGRhdGUiOjE4MDAwMDAwMDAwMH19",
          "dependencies": [
            "yandex_vpc_network.main"
          ]
        }
      ]
    }
  ],
  "check_results": null
}
